
Microsoft Visual Studio Solution File, Format Version 12.00
# Visual Studio 2013
VisualStudioVersion = 12.0.21005.1
MinimumVisualStudioVersion = 10.0.40219.1
Project("{FAE04EC0-301F-11D3-BF4B-00C04F79EFBC}") = "BaseLib", "BaseLib\BaseLib.csproj", "{85977246-DE21-44CC-B798-EE7CACEF001F}"
EndProject
Project("{FAE04EC0-301F-11D3-BF4B-00C04F79EFBC}") = "LinkedinDominator", "LinkedinDominator\LinkedinDominator.csproj", "{A4B1878E-F613-4626-9BD3-16C51BAE2A22}"
EndProject
Project("{FAE04EC0-301F-11D3-BF4B-00C04F79EFBC}") = "BaseLibLD", "BaseLibLD\BaseLibLD.csproj", "{8BDCC760-F149-4998-99C2-48889C0EDBED}"
EndProject
Project("{FAE04EC0-301F-11D3-BF4B-00C04F79EFBC}") = "Accounts", "Accounts\Accounts.csproj", "{10BE8BD6-FB6A-40AC-894C-E5ED32C31660}"
EndProject
Project("{FAE04EC0-301F-11D3-BF4B-00C04F79EFBC}") = "Groups", "Groups\Groups.csproj", "{8976628F-74E8-4A58-B97A-FC7AAF77A0B7}"
EndProject
Project("{FAE04EC0-301F-11D3-BF4B-00C04F79EFBC}") = "Messages", "Messages\Messages.csproj", "{61849D75-1AC3-4D80-AD44-D6438F6FA8DA}"
EndProject
Project("{FAE04EC0-301F-11D3-BF4B-00C04F79EFBC}") = "Scraper", "Scraper\Scraper.csproj", "{41BDF97A-2FC3-4C2A-9B6D-F13015485E2A}"
EndProject
Project("{FAE04EC0-301F-11D3-BF4B-00C04F79EFBC}") = "Add Connection", "Add Connection\Add Connection.csproj", "{2F75F26D-8CF0-4FF0-A29F-6E42412A9C15}"
EndProject
Project("{54435603-DBB4-11D2-8724-00A0C9A8B90C}") = "LinkedInDominator3.0_Setup", "LinkedInDominator3.0_Setup\LinkedInDominator3.0_Setup.vdproj", "{171E5214-4A63-49EE-A88A-87F8DABD531E}"
EndProject
Project("{FAE04EC0-301F-11D3-BF4B-00C04F79EFBC}") = "Search", "Search\Search.csproj", "{B92BF46B-3CF2-4DA4-9263-8643D8B36AE0}"
EndProject
Global
	GlobalSection(SolutionConfigurationPlatforms) = preSolution
		CD_ROM|Any CPU = CD_ROM|Any CPU
		CD_ROM|Itanium = CD_ROM|Itanium
		CD_ROM|x64 = CD_ROM|x64
		CD_ROM|x86 = CD_ROM|x86
		Debug|Any CPU = Debug|Any CPU
		Debug|Itanium = Debug|Itanium
		Debug|x64 = Debug|x64
		Debug|x86 = Debug|x86
		DVD-5|Any CPU = DVD-5|Any CPU
		DVD-5|Itanium = DVD-5|Itanium
		DVD-5|x64 = DVD-5|x64
		DVD-5|x86 = DVD-5|x86
		Release|Any CPU = Release|Any CPU
		Release|Itanium = Release|Itanium
		Release|x64 = Release|x64
		Release|x86 = Release|x86
		SingleImage|Any CPU = SingleImage|Any CPU
		SingleImage|Itanium = SingleImage|Itanium
		SingleImage|x64 = SingleImage|x64
		SingleImage|x86 = SingleImage|x86
	EndGlobalSection
	GlobalSection(ProjectConfigurationPlatforms) = postSolution
		{85977246-DE21-44CC-B798-EE7CACEF001F}.CD_ROM|Any CPU.ActiveCfg = Release|Any CPU
		{85977246-DE21-44CC-B798-EE7CACEF001F}.CD_ROM|Any CPU.Build.0 = Release|Any CPU
		{85977246-DE21-44CC-B798-EE7CACEF001F}.CD_ROM|Itanium.ActiveCfg = Release|Itanium
		{85977246-DE21-44CC-B798-EE7CACEF001F}.CD_ROM|Itanium.Build.0 = Release|Itanium
		{85977246-DE21-44CC-B798-EE7CACEF001F}.CD_ROM|x64.ActiveCfg = Release|x64
		{85977246-DE21-44CC-B798-EE7CACEF001F}.CD_ROM|x64.Build.0 = Release|x64
		{85977246-DE21-44CC-B798-EE7CACEF001F}.CD_ROM|x86.ActiveCfg = Release|x86
		{85977246-DE21-44CC-B798-EE7CACEF001F}.CD_ROM|x86.Build.0 = Release|x86
		{85977246-DE21-44CC-B798-EE7CACEF001F}.Debug|Any CPU.ActiveCfg = Debug|Any CPU
		{85977246-DE21-44CC-B798-EE7CACEF001F}.Debug|Any CPU.Build.0 = Debug|Any CPU
		{85977246-DE21-44CC-B798-EE7CACEF001F}.Debug|Itanium.ActiveCfg = Debug|Any CPU
		{85977246-DE21-44CC-B798-EE7CACEF001F}.Debug|x64.ActiveCfg = Debug|x64
		{85977246-DE21-44CC-B798-EE7CACEF001F}.Debug|x64.Build.0 = Debug|x64
		{85977246-DE21-44CC-B798-EE7CACEF001F}.Debug|x86.ActiveCfg = Debug|x86
		{85977246-DE21-44CC-B798-EE7CACEF001F}.Debug|x86.Build.0 = Debug|x86
		{85977246-DE21-44CC-B798-EE7CACEF001F}.DVD-5|Any CPU.ActiveCfg = Debug|Any CPU
		{85977246-DE21-44CC-B798-EE7CACEF001F}.DVD-5|Any CPU.Build.0 = Debug|Any CPU
		{85977246-DE21-44CC-B798-EE7CACEF001F}.DVD-5|Itanium.ActiveCfg = Debug|Itanium
		{85977246-DE21-44CC-B798-EE7CACEF001F}.DVD-5|Itanium.Build.0 = Debug|Itanium
		{85977246-DE21-44CC-B798-EE7CACEF001F}.DVD-5|x64.ActiveCfg = Debug|x64
		{85977246-DE21-44CC-B798-EE7CACEF001F}.DVD-5|x64.Build.0 = Debug|x64
		{85977246-DE21-44CC-B798-EE7CACEF001F}.DVD-5|x86.ActiveCfg = Debug|x86
		{85977246-DE21-44CC-B798-EE7CACEF001F}.DVD-5|x86.Build.0 = Debug|x86
		{85977246-DE21-44CC-B798-EE7CACEF001F}.Release|Any CPU.ActiveCfg = Release|Any CPU
		{85977246-DE21-44CC-B798-EE7CACEF001F}.Release|Any CPU.Build.0 = Release|Any CPU
		{85977246-DE21-44CC-B798-EE7CACEF001F}.Release|Itanium.ActiveCfg = Release|Any CPU
		{85977246-DE21-44CC-B798-EE7CACEF001F}.Release|x64.ActiveCfg = Release|x64
		{85977246-DE21-44CC-B798-EE7CACEF001F}.Release|x64.Build.0 = Release|x64
		{85977246-DE21-44CC-B798-EE7CACEF001F}.Release|x86.ActiveCfg = Release|x86
		{85977246-DE21-44CC-B798-EE7CACEF001F}.Release|x86.Build.0 = Release|x86
		{85977246-DE21-44CC-B798-EE7CACEF001F}.SingleImage|Any CPU.ActiveCfg = Release|Any CPU
		{85977246-DE21-44CC-B798-EE7CACEF001F}.SingleImage|Any CPU.Build.0 = Release|Any CPU
		{85977246-DE21-44CC-B798-EE7CACEF001F}.SingleImage|Itanium.ActiveCfg = Release|Itanium
		{85977246-DE21-44CC-B798-EE7CACEF001F}.SingleImage|Itanium.Build.0 = Release|Itanium
		{85977246-DE21-44CC-B798-EE7CACEF001F}.SingleImage|x64.ActiveCfg = Release|x64
		{85977246-DE21-44CC-B798-EE7CACEF001F}.SingleImage|x64.Build.0 = Release|x64
		{85977246-DE21-44CC-B798-EE7CACEF001F}.SingleImage|x86.ActiveCfg = Release|x86
		{85977246-DE21-44CC-B798-EE7CACEF001F}.SingleImage|x86.Build.0 = Release|x86
		{A4B1878E-F613-4626-9BD3-16C51BAE2A22}.CD_ROM|Any CPU.ActiveCfg = Release|Any CPU
		{A4B1878E-F613-4626-9BD3-16C51BAE2A22}.CD_ROM|Any CPU.Build.0 = Release|Any CPU
		{A4B1878E-F613-4626-9BD3-16C51BAE2A22}.CD_ROM|Itanium.ActiveCfg = Release|Any CPU
		{A4B1878E-F613-4626-9BD3-16C51BAE2A22}.CD_ROM|x64.ActiveCfg = Release|Any CPU
		{A4B1878E-F613-4626-9BD3-16C51BAE2A22}.CD_ROM|x86.ActiveCfg = Release|Any CPU
		{A4B1878E-F613-4626-9BD3-16C51BAE2A22}.Debug|Any CPU.ActiveCfg = Debug|Any CPU
		{A4B1878E-F613-4626-9BD3-16C51BAE2A22}.Debug|Any CPU.Build.0 = Debug|Any CPU
		{A4B1878E-F613-4626-9BD3-16C51BAE2A22}.Debug|Itanium.ActiveCfg = Debug|Any CPU
		{A4B1878E-F613-4626-9BD3-16C51BAE2A22}.Debug|x64.ActiveCfg = Debug|Any CPU
		{A4B1878E-F613-4626-9BD3-16C51BAE2A22}.Debug|x86.ActiveCfg = Debug|Any CPU
		{A4B1878E-F613-4626-9BD3-16C51BAE2A22}.DVD-5|Any CPU.ActiveCfg = Debug|Any CPU
		{A4B1878E-F613-4626-9BD3-16C51BAE2A22}.DVD-5|Any CPU.Build.0 = Debug|Any CPU
		{A4B1878E-F613-4626-9BD3-16C51BAE2A22}.DVD-5|Itanium.ActiveCfg = Debug|Any CPU
		{A4B1878E-F613-4626-9BD3-16C51BAE2A22}.DVD-5|x64.ActiveCfg = Debug|Any CPU
		{A4B1878E-F613-4626-9BD3-16C51BAE2A22}.DVD-5|x86.ActiveCfg = Debug|Any CPU
		{A4B1878E-F613-4626-9BD3-16C51BAE2A22}.Release|Any CPU.ActiveCfg = Release|Any CPU
		{A4B1878E-F613-4626-9BD3-16C51BAE2A22}.Release|Any CPU.Build.0 = Release|Any CPU
		{A4B1878E-F613-4626-9BD3-16C51BAE2A22}.Release|Itanium.ActiveCfg = Release|Any CPU
		{A4B1878E-F613-4626-9BD3-16C51BAE2A22}.Release|x64.ActiveCfg = Release|Any CPU
		{A4B1878E-F613-4626-9BD3-16C51BAE2A22}.Release|x86.ActiveCfg = Release|Any CPU
		{A4B1878E-F613-4626-9BD3-16C51BAE2A22}.SingleImage|Any CPU.ActiveCfg = Release|Any CPU
		{A4B1878E-F613-4626-9BD3-16C51BAE2A22}.SingleImage|Any CPU.Build.0 = Release|Any CPU
		{A4B1878E-F613-4626-9BD3-16C51BAE2A22}.SingleImage|Itanium.ActiveCfg = Release|Any CPU
		{A4B1878E-F613-4626-9BD3-16C51BAE2A22}.SingleImage|x64.ActiveCfg = Release|Any CPU
		{A4B1878E-F613-4626-9BD3-16C51BAE2A22}.SingleImage|x86.ActiveCfg = Release|Any CPU
		{8BDCC760-F149-4998-99C2-48889C0EDBED}.CD_ROM|Any CPU.ActiveCfg = Release|Any CPU
		{8BDCC760-F149-4998-99C2-48889C0EDBED}.CD_ROM|Any CPU.Build.0 = Release|Any CPU
		{8BDCC760-F149-4998-99C2-48889C0EDBED}.CD_ROM|Itanium.ActiveCfg = Release|Any CPU
		{8BDCC760-F149-4998-99C2-48889C0EDBED}.CD_ROM|x64.ActiveCfg = Release|Any CPU
		{8BDCC760-F149-4998-99C2-48889C0EDBED}.CD_ROM|x86.ActiveCfg = Release|Any CPU
		{8BDCC760-F149-4998-99C2-48889C0EDBED}.Debug|Any CPU.ActiveCfg = Debug|Any CPU
		{8BDCC760-F149-4998-99C2-48889C0EDBED}.Debug|Any CPU.Build.0 = Debug|Any CPU
		{8BDCC760-F149-4998-99C2-48889C0EDBED}.Debug|Itanium.ActiveCfg = Debug|Any CPU
		{8BDCC760-F149-4998-99C2-48889C0EDBED}.Debug|x64.ActiveCfg = Debug|Any CPU
		{8BDCC760-F149-4998-99C2-48889C0EDBED}.Debug|x86.ActiveCfg = Debug|Any CPU
		{8BDCC760-F149-4998-99C2-48889C0EDBED}.DVD-5|Any CPU.ActiveCfg = Debug|Any CPU
		{8BDCC760-F149-4998-99C2-48889C0EDBED}.DVD-5|Any CPU.Build.0 = Debug|Any CPU
		{8BDCC760-F149-4998-99C2-48889C0EDBED}.DVD-5|Itanium.ActiveCfg = Debug|Any CPU
		{8BDCC760-F149-4998-99C2-48889C0EDBED}.DVD-5|x64.ActiveCfg = Debug|Any CPU
		{8BDCC760-F149-4998-99C2-48889C0EDBED}.DVD-5|x86.ActiveCfg = Debug|Any CPU
		{8BDCC760-F149-4998-99C2-48889C0EDBED}.Release|Any CPU.ActiveCfg = Release|Any CPU
		{8BDCC760-F149-4998-99C2-48889C0EDBED}.Release|Any CPU.Build.0 = Release|Any CPU
		{8BDCC760-F149-4998-99C2-48889C0EDBED}.Release|Itanium.ActiveCfg = Release|Any CPU
		{8BDCC760-F149-4998-99C2-48889C0EDBED}.Release|x64.ActiveCfg = Release|Any CPU
		{8BDCC760-F149-4998-99C2-48889C0EDBED}.Release|x86.ActiveCfg = Release|Any CPU
		{8BDCC760-F149-4998-99C2-48889C0EDBED}.SingleImage|Any CPU.ActiveCfg = Release|Any CPU
		{8BDCC760-F149-4998-99C2-48889C0EDBED}.SingleImage|Any CPU.Build.0 = Release|Any CPU
		{8BDCC760-F149-4998-99C2-48889C0EDBED}.SingleImage|Itanium.ActiveCfg = Release|Any CPU
		{8BDCC760-F149-4998-99C2-48889C0EDBED}.SingleImage|x64.ActiveCfg = Release|Any CPU
		{8BDCC760-F149-4998-99C2-48889C0EDBED}.SingleImage|x86.ActiveCfg = Release|Any CPU
		{10BE8BD6-FB6A-40AC-894C-E5ED32C31660}.CD_ROM|Any CPU.ActiveCfg = Release|Any CPU
		{10BE8BD6-FB6A-40AC-894C-E5ED32C31660}.CD_ROM|Any CPU.Build.0 = Release|Any CPU
		{10BE8BD6-FB6A-40AC-894C-E5ED32C31660}.CD_ROM|Itanium.ActiveCfg = Release|Any CPU
		{10BE8BD6-FB6A-40AC-894C-E5ED32C31660}.CD_ROM|x64.ActiveCfg = Release|Any CPU
		{10BE8BD6-FB6A-40AC-894C-E5ED32C31660}.CD_ROM|x86.ActiveCfg = Release|Any CPU
		{10BE8BD6-FB6A-40AC-894C-E5ED32C31660}.Debug|Any CPU.ActiveCfg = Debug|Any CPU
		{10BE8BD6-FB6A-40AC-894C-E5ED32C31660}.Debug|Any CPU.Build.0 = Debug|Any CPU
		{10BE8BD6-FB6A-40AC-894C-E5ED32C31660}.Debug|Itanium.ActiveCfg = Debug|Any CPU
		{10BE8BD6-FB6A-40AC-894C-E5ED32C31660}.Debug|x64.ActiveCfg = Debug|Any CPU
		{10BE8BD6-FB6A-40AC-894C-E5ED32C31660}.Debug|x86.ActiveCfg = Debug|Any CPU
		{10BE8BD6-FB6A-40AC-894C-E5ED32C31660}.DVD-5|Any CPU.ActiveCfg = Debug|Any CPU
		{10BE8BD6-FB6A-40AC-894C-E5ED32C31660}.DVD-5|Any CPU.Build.0 = Debug|Any CPU
		{10BE8BD6-FB6A-40AC-894C-E5ED32C31660}.DVD-5|Itanium.ActiveCfg = Debug|Any CPU
		{10BE8BD6-FB6A-40AC-894C-E5ED32C31660}.DVD-5|x64.ActiveCfg = Debug|Any CPU
		{10BE8BD6-FB6A-40AC-894C-E5ED32C31660}.DVD-5|x86.ActiveCfg = Debug|Any CPU
		{10BE8BD6-FB6A-40AC-894C-E5ED32C31660}.Release|Any CPU.ActiveCfg = Release|Any CPU
		{10BE8BD6-FB6A-40AC-894C-E5ED32C31660}.Release|Any CPU.Build.0 = Release|Any CPU
		{10BE8BD6-FB6A-40AC-894C-E5ED32C31660}.Release|Itanium.ActiveCfg = Release|Any CPU
		{10BE8BD6-FB6A-40AC-894C-E5ED32C31660}.Release|x64.ActiveCfg = Release|Any CPU
		{10BE8BD6-FB6A-40AC-894C-E5ED32C31660}.Release|x86.ActiveCfg = Release|Any CPU
		{10BE8BD6-FB6A-40AC-894C-E5ED32C31660}.SingleImage|Any CPU.ActiveCfg = Release|Any CPU
		{10BE8BD6-FB6A-40AC-894C-E5ED32C31660}.SingleImage|Any CPU.Build.0 = Release|Any CPU
		{10BE8BD6-FB6A-40AC-894C-E5ED32C31660}.SingleImage|Itanium.ActiveCfg = Release|Any CPU
		{10BE8BD6-FB6A-40AC-894C-E5ED32C31660}.SingleImage|x64.ActiveCfg = Release|Any CPU
		{10BE8BD6-FB6A-40AC-894C-E5ED32C31660}.SingleImage|x86.ActiveCfg = Release|Any CPU
		{8976628F-74E8-4A58-B97A-FC7AAF77A0B7}.CD_ROM|Any CPU.ActiveCfg = Release|Any CPU
		{8976628F-74E8-4A58-B97A-FC7AAF77A0B7}.CD_ROM|Any CPU.Build.0 = Release|Any CPU
		{8976628F-74E8-4A58-B97A-FC7AAF77A0B7}.CD_ROM|Itanium.ActiveCfg = Release|Any CPU
		{8976628F-74E8-4A58-B97A-FC7AAF77A0B7}.CD_ROM|x64.ActiveCfg = Release|Any CPU
		{8976628F-74E8-4A58-B97A-FC7AAF77A0B7}.CD_ROM|x86.ActiveCfg = Release|Any CPU
		{8976628F-74E8-4A58-B97A-FC7AAF77A0B7}.Debug|Any CPU.ActiveCfg = Debug|Any CPU
		{8976628F-74E8-4A58-B97A-FC7AAF77A0B7}.Debug|Any CPU.Build.0 = Debug|Any CPU
		{8976628F-74E8-4A58-B97A-FC7AAF77A0B7}.Debug|Itanium.ActiveCfg = Debug|Any CPU
		{8976628F-74E8-4A58-B97A-FC7AAF77A0B7}.Debug|x64.ActiveCfg = Debug|Any CPU
		{8976628F-74E8-4A58-B97A-FC7AAF77A0B7}.Debug|x86.ActiveCfg = Debug|Any CPU
		{8976628F-74E8-4A58-B97A-FC7AAF77A0B7}.DVD-5|Any CPU.ActiveCfg = Debug|Any CPU
		{8976628F-74E8-4A58-B97A-FC7AAF77A0B7}.DVD-5|Any CPU.Build.0 = Debug|Any CPU
		{8976628F-74E8-4A58-B97A-FC7AAF77A0B7}.DVD-5|Itanium.ActiveCfg = Debug|Any CPU
		{8976628F-74E8-4A58-B97A-FC7AAF77A0B7}.DVD-5|x64.ActiveCfg = Debug|Any CPU
		{8976628F-74E8-4A58-B97A-FC7AAF77A0B7}.DVD-5|x86.ActiveCfg = Debug|Any CPU
		{8976628F-74E8-4A58-B97A-FC7AAF77A0B7}.Release|Any CPU.ActiveCfg = Release|Any CPU
		{8976628F-74E8-4A58-B97A-FC7AAF77A0B7}.Release|Any CPU.Build.0 = Release|Any CPU
		{8976628F-74E8-4A58-B97A-FC7AAF77A0B7}.Release|Itanium.ActiveCfg = Release|Any CPU
		{8976628F-74E8-4A58-B97A-FC7AAF77A0B7}.Release|x64.ActiveCfg = Release|Any CPU
		{8976628F-74E8-4A58-B97A-FC7AAF77A0B7}.Release|x86.ActiveCfg = Release|Any CPU
		{8976628F-74E8-4A58-B97A-FC7AAF77A0B7}.SingleImage|Any CPU.ActiveCfg = Release|Any CPU
		{8976628F-74E8-4A58-B97A-FC7AAF77A0B7}.SingleImage|Any CPU.Build.0 = Release|Any CPU
		{8976628F-74E8-4A58-B97A-FC7AAF77A0B7}.SingleImage|Itanium.ActiveCfg = Release|Any CPU
		{8976628F-74E8-4A58-B97A-FC7AAF77A0B7}.SingleImage|x64.ActiveCfg = Release|Any CPU
		{8976628F-74E8-4A58-B97A-FC7AAF77A0B7}.SingleImage|x86.ActiveCfg = Release|Any CPU
		{61849D75-1AC3-4D80-AD44-D6438F6FA8DA}.CD_ROM|Any CPU.ActiveCfg = Release|Any CPU
		{61849D75-1AC3-4D80-AD44-D6438F6FA8DA}.CD_ROM|Any CPU.Build.0 = Release|Any CPU
		{61849D75-1AC3-4D80-AD44-D6438F6FA8DA}.CD_ROM|Itanium.ActiveCfg = Release|Any CPU
		{61849D75-1AC3-4D80-AD44-D6438F6FA8DA}.CD_ROM|x64.ActiveCfg = Release|Any CPU
		{61849D75-1AC3-4D80-AD44-D6438F6FA8DA}.CD_ROM|x86.ActiveCfg = Release|Any CPU
		{61849D75-1AC3-4D80-AD44-D6438F6FA8DA}.Debug|Any CPU.ActiveCfg = Debug|Any CPU
		{61849D75-1AC3-4D80-AD44-D6438F6FA8DA}.Debug|Any CPU.Build.0 = Debug|Any CPU
		{61849D75-1AC3-4D80-AD44-D6438F6FA8DA}.Debug|Itanium.ActiveCfg = Debug|Any CPU
		{61849D75-1AC3-4D80-AD44-D6438F6FA8DA}.Debug|x64.ActiveCfg = Debug|Any CPU
		{61849D75-1AC3-4D80-AD44-D6438F6FA8DA}.Debug|x86.ActiveCfg = Debug|Any CPU
		{61849D75-1AC3-4D80-AD44-D6438F6FA8DA}.DVD-5|Any CPU.ActiveCfg = Debug|Any CPU
		{61849D75-1AC3-4D80-AD44-D6438F6FA8DA}.DVD-5|Any CPU.Build.0 = Debug|Any CPU
		{61849D75-1AC3-4D80-AD44-D6438F6FA8DA}.DVD-5|Itanium.ActiveCfg = Debug|Any CPU
		{61849D75-1AC3-4D80-AD44-D6438F6FA8DA}.DVD-5|x64.ActiveCfg = Debug|Any CPU
		{61849D75-1AC3-4D80-AD44-D6438F6FA8DA}.DVD-5|x86.ActiveCfg = Debug|Any CPU
		{61849D75-1AC3-4D80-AD44-D6438F6FA8DA}.Release|Any CPU.ActiveCfg = Release|Any CPU
		{61849D75-1AC3-4D80-AD44-D6438F6FA8DA}.Release|Any CPU.Build.0 = Release|Any CPU
		{61849D75-1AC3-4D80-AD44-D6438F6FA8DA}.Release|Itanium.ActiveCfg = Release|Any CPU
		{61849D75-1AC3-4D80-AD44-D6438F6FA8DA}.Release|x64.ActiveCfg = Release|Any CPU
		{61849D75-1AC3-4D80-AD44-D6438F6FA8DA}.Release|x86.ActiveCfg = Release|Any CPU
		{61849D75-1AC3-4D80-AD44-D6438F6FA8DA}.SingleImage|Any CPU.ActiveCfg = Release|Any CPU
		{61849D75-1AC3-4D80-AD44-D6438F6FA8DA}.SingleImage|Any CPU.Build.0 = Release|Any CPU
		{61849D75-1AC3-4D80-AD44-D6438F6FA8DA}.SingleImage|Itanium.ActiveCfg = Release|Any CPU
		{61849D75-1AC3-4D80-AD44-D6438F6FA8DA}.SingleImage|x64.ActiveCfg = Release|Any CPU
		{61849D75-1AC3-4D80-AD44-D6438F6FA8DA}.SingleImage|x86.ActiveCfg = Release|Any CPU
		{41BDF97A-2FC3-4C2A-9B6D-F13015485E2A}.CD_ROM|Any CPU.ActiveCfg = Release|Any CPU
		{41BDF97A-2FC3-4C2A-9B6D-F13015485E2A}.CD_ROM|Any CPU.Build.0 = Release|Any CPU
		{41BDF97A-2FC3-4C2A-9B6D-F13015485E2A}.CD_ROM|Itanium.ActiveCfg = Release|Any CPU
		{41BDF97A-2FC3-4C2A-9B6D-F13015485E2A}.CD_ROM|x64.ActiveCfg = Release|Any CPU
		{41BDF97A-2FC3-4C2A-9B6D-F13015485E2A}.CD_ROM|x86.ActiveCfg = Release|Any CPU
		{41BDF97A-2FC3-4C2A-9B6D-F13015485E2A}.Debug|Any CPU.ActiveCfg = Debug|Any CPU
		{41BDF97A-2FC3-4C2A-9B6D-F13015485E2A}.Debug|Any CPU.Build.0 = Debug|Any CPU
		{41BDF97A-2FC3-4C2A-9B6D-F13015485E2A}.Debug|Itanium.ActiveCfg = Debug|Any CPU
		{41BDF97A-2FC3-4C2A-9B6D-F13015485E2A}.Debug|x64.ActiveCfg = Debug|Any CPU
		{41BDF97A-2FC3-4C2A-9B6D-F13015485E2A}.Debug|x86.ActiveCfg = Debug|Any CPU
		{41BDF97A-2FC3-4C2A-9B6D-F13015485E2A}.DVD-5|Any CPU.ActiveCfg = Debug|Any CPU
		{41BDF97A-2FC3-4C2A-9B6D-F13015485E2A}.DVD-5|Any CPU.Build.0 = Debug|Any CPU
		{41BDF97A-2FC3-4C2A-9B6D-F13015485E2A}.DVD-5|Itanium.ActiveCfg = Debug|Any CPU
		{41BDF97A-2FC3-4C2A-9B6D-F13015485E2A}.DVD-5|x64.ActiveCfg = Debug|Any CPU
		{41BDF97A-2FC3-4C2A-9B6D-F13015485E2A}.DVD-5|x86.ActiveCfg = Debug|Any CPU
		{41BDF97A-2FC3-4C2A-9B6D-F13015485E2A}.Release|Any CPU.ActiveCfg = Release|Any CPU
		{41BDF97A-2FC3-4C2A-9B6D-F13015485E2A}.Release|Any CPU.Build.0 = Release|Any CPU
		{41BDF97A-2FC3-4C2A-9B6D-F13015485E2A}.Release|Itanium.ActiveCfg = Release|Any CPU
		{41BDF97A-2FC3-4C2A-9B6D-F13015485E2A}.Release|x64.ActiveCfg = Release|Any CPU
		{41BDF97A-2FC3-4C2A-9B6D-F13015485E2A}.Release|x86.ActiveCfg = Release|Any CPU
		{41BDF97A-2FC3-4C2A-9B6D-F13015485E2A}.SingleImage|Any CPU.ActiveCfg = Release|Any CPU
		{41BDF97A-2FC3-4C2A-9B6D-F13015485E2A}.SingleImage|Any CPU.Build.0 = Release|Any CPU
		{41BDF97A-2FC3-4C2A-9B6D-F13015485E2A}.SingleImage|Itanium.ActiveCfg = Release|Any CPU
		{41BDF97A-2FC3-4C2A-9B6D-F13015485E2A}.SingleImage|x64.ActiveCfg = Release|Any CPU
		{41BDF97A-2FC3-4C2A-9B6D-F13015485E2A}.SingleImage|x86.ActiveCfg = Release|Any CPU
		{2F75F26D-8CF0-4FF0-A29F-6E42412A9C15}.CD_ROM|Any CPU.ActiveCfg = Release|Any CPU
		{2F75F26D-8CF0-4FF0-A29F-6E42412A9C15}.CD_ROM|Any CPU.Build.0 = Release|Any CPU
		{2F75F26D-8CF0-4FF0-A29F-6E42412A9C15}.CD_ROM|Itanium.ActiveCfg = Release|Any CPU
		{2F75F26D-8CF0-4FF0-A29F-6E42412A9C15}.CD_ROM|x64.ActiveCfg = Release|Any CPU
		{2F75F26D-8CF0-4FF0-A29F-6E42412A9C15}.CD_ROM|x86.ActiveCfg = Release|Any CPU
		{2F75F26D-8CF0-4FF0-A29F-6E42412A9C15}.Debug|Any CPU.ActiveCfg = Debug|Any CPU
		{2F75F26D-8CF0-4FF0-A29F-6E42412A9C15}.Debug|Any CPU.Build.0 = Debug|Any CPU
		{2F75F26D-8CF0-4FF0-A29F-6E42412A9C15}.Debug|Itanium.ActiveCfg = Debug|Any CPU
		{2F75F26D-8CF0-4FF0-A29F-6E42412A9C15}.Debug|x64.ActiveCfg = Debug|Any CPU
		{2F75F26D-8CF0-4FF0-A29F-6E42412A9C15}.Debug|x86.ActiveCfg = Debug|Any CPU
		{2F75F26D-8CF0-4FF0-A29F-6E42412A9C15}.DVD-5|Any CPU.ActiveCfg = Debug|Any CPU
		{2F75F26D-8CF0-4FF0-A29F-6E42412A9C15}.DVD-5|Any CPU.Build.0 = Debug|Any CPU
		{2F75F26D-8CF0-4FF0-A29F-6E42412A9C15}.DVD-5|Itanium.ActiveCfg = Debug|Any CPU
		{2F75F26D-8CF0-4FF0-A29F-6E42412A9C15}.DVD-5|x64.ActiveCfg = Debug|Any CPU
		{2F75F26D-8CF0-4FF0-A29F-6E42412A9C15}.DVD-5|x86.ActiveCfg = Debug|Any CPU
		{2F75F26D-8CF0-4FF0-A29F-6E42412A9C15}.Release|Any CPU.ActiveCfg = Release|Any CPU
		{2F75F26D-8CF0-4FF0-A29F-6E42412A9C15}.Release|Any CPU.Build.0 = Release|Any CPU
		{2F75F26D-8CF0-4FF0-A29F-6E42412A9C15}.Release|Itanium.ActiveCfg = Release|Any CPU
		{2F75F26D-8CF0-4FF0-A29F-6E42412A9C15}.Release|x64.ActiveCfg = Release|Any CPU
		{2F75F26D-8CF0-4FF0-A29F-6E42412A9C15}.Release|x86.ActiveCfg = Release|Any CPU
		{2F75F26D-8CF0-4FF0-A29F-6E42412A9C15}.SingleImage|Any CPU.ActiveCfg = Release|Any CPU
		{2F75F26D-8CF0-4FF0-A29F-6E42412A9C15}.SingleImage|Any CPU.Build.0 = Release|Any CPU
		{2F75F26D-8CF0-4FF0-A29F-6E42412A9C15}.SingleImage|Itanium.ActiveCfg = Release|Any CPU
		{2F75F26D-8CF0-4FF0-A29F-6E42412A9C15}.SingleImage|x64.ActiveCfg = Release|Any CPU
		{2F75F26D-8CF0-4FF0-A29F-6E42412A9C15}.SingleImage|x86.ActiveCfg = Release|Any CPU
		{171E5214-4A63-49EE-A88A-87F8DABD531E}.CD_ROM|Any CPU.ActiveCfg = Release
		{171E5214-4A63-49EE-A88A-87F8DABD531E}.CD_ROM|Itanium.ActiveCfg = Release
		{171E5214-4A63-49EE-A88A-87F8DABD531E}.CD_ROM|x64.ActiveCfg = Release
		{171E5214-4A63-49EE-A88A-87F8DABD531E}.CD_ROM|x86.ActiveCfg = Release
		{171E5214-4A63-49EE-A88A-87F8DABD531E}.Debug|Any CPU.ActiveCfg = Debug
		{171E5214-4A63-49EE-A88A-87F8DABD531E}.Debug|Itanium.ActiveCfg = Debug
		{171E5214-4A63-49EE-A88A-87F8DABD531E}.Debug|x64.ActiveCfg = Debug
		{171E5214-4A63-49EE-A88A-87F8DABD531E}.Debug|x86.ActiveCfg = Debug
		{171E5214-4A63-49EE-A88A-87F8DABD531E}.DVD-5|Any CPU.ActiveCfg = Debug
		{171E5214-4A63-49EE-A88A-87F8DABD531E}.DVD-5|Itanium.ActiveCfg = Debug
		{171E5214-4A63-49EE-A88A-87F8DABD531E}.DVD-5|x64.ActiveCfg = Debug
		{171E5214-4A63-49EE-A88A-87F8DABD531E}.DVD-5|x86.ActiveCfg = Debug
		{171E5214-4A63-49EE-A88A-87F8DABD531E}.Release|Any CPU.ActiveCfg = Release
		{171E5214-4A63-49EE-A88A-87F8DABD531E}.Release|Itanium.ActiveCfg = Release
		{171E5214-4A63-49EE-A88A-87F8DABD531E}.Release|x64.ActiveCfg = Release
		{171E5214-4A63-49EE-A88A-87F8DABD531E}.Release|x86.ActiveCfg = Release
		{171E5214-4A63-49EE-A88A-87F8DABD531E}.SingleImage|Any CPU.ActiveCfg = Release
		{171E5214-4A63-49EE-A88A-87F8DABD531E}.SingleImage|Itanium.ActiveCfg = Release
		{171E5214-4A63-49EE-A88A-87F8DABD531E}.SingleImage|x64.ActiveCfg = Release
		{171E5214-4A63-49EE-A88A-87F8DABD531E}.SingleImage|x86.ActiveCfg = Release
		{B92BF46B-3CF2-4DA4-9263-8643D8B36AE0}.CD_ROM|Any CPU.ActiveCfg = Release|Any CPU
		{B92BF46B-3CF2-4DA4-9263-8643D8B36AE0}.CD_ROM|Any CPU.Build.0 = Release|Any CPU
		{B92BF46B-3CF2-4DA4-9263-8643D8B36AE0}.CD_ROM|Itanium.ActiveCfg = Release|Any CPU
		{B92BF46B-3CF2-4DA4-9263-8643D8B36AE0}.CD_ROM|x64.ActiveCfg = Release|Any CPU
		{B92BF46B-3CF2-4DA4-9263-8643D8B36AE0}.CD_ROM|x86.ActiveCfg = Release|Any CPU
		{B92BF46B-3CF2-4DA4-9263-8643D8B36AE0}.Debug|Any CPU.ActiveCfg = Debug|Any CPU
		{B92BF46B-3CF2-4DA4-9263-8643D8B36AE0}.Debug|Any CPU.Build.0 = Debug|Any CPU
		{B92BF46B-3CF2-4DA4-9263-8643D8B36AE0}.Debug|Itanium.ActiveCfg = Debug|Any CPU
		{B92BF46B-3CF2-4DA4-9263-8643D8B36AE0}.Debug|x64.ActiveCfg = Debug|Any CPU
		{B92BF46B-3CF2-4DA4-9263-8643D8B36AE0}.Debug|x86.ActiveCfg = Debug|Any CPU
		{B92BF46B-3CF2-4DA4-9263-8643D8B36AE0}.DVD-5|Any CPU.ActiveCfg = Debug|Any CPU
		{B92BF46B-3CF2-4DA4-9263-8643D8B36AE0}.DVD-5|Any CPU.Build.0 = Debug|Any CPU
		{B92BF46B-3CF2-4DA4-9263-8643D8B36AE0}.DVD-5|Itanium.ActiveCfg = Debug|Any CPU
		{B92BF46B-3CF2-4DA4-9263-8643D8B36AE0}.DVD-5|x64.ActiveCfg = Debug|Any CPU
		{B92BF46B-3CF2-4DA4-9263-8643D8B36AE0}.DVD-5|x86.ActiveCfg = Debug|Any CPU
		{B92BF46B-3CF2-4DA4-9263-8643D8B36AE0}.Release|Any CPU.ActiveCfg = Release|Any CPU
		{B92BF46B-3CF2-4DA4-9263-8643D8B36AE0}.Release|Any CPU.Build.0 = Release|Any CPU
		{B92BF46B-3CF2-4DA4-9263-8643D8B36AE0}.Release|Itanium.ActiveCfg = Release|Any CPU
		{B92BF46B-3CF2-4DA4-9263-8643D8B36AE0}.Release|x64.ActiveCfg = Release|Any CPU
		{B92BF46B-3CF2-4DA4-9263-8643D8B36AE0}.Release|x86.ActiveCfg = Release|Any CPU
		{B92BF46B-3CF2-4DA4-9263-8643D8B36AE0}.SingleImage|Any CPU.ActiveCfg = Release|Any CPU
		{B92BF46B-3CF2-4DA4-9263-8643D8B36AE0}.SingleImage|Any CPU.Build.0 = Release|Any CPU
		{B92BF46B-3CF2-4DA4-9263-8643D8B36AE0}.SingleImage|Itanium.ActiveCfg = Release|Any CPU
		{B92BF46B-3CF2-4DA4-9263-8643D8B36AE0}.SingleImage|x64.ActiveCfg = Release|Any CPU
		{B92BF46B-3CF2-4DA4-9263-8643D8B36AE0}.SingleImage|x86.ActiveCfg = Release|Any CPU
	EndGlobalSection
	GlobalSection(SolutionProperties) = preSolution
		HideSolutionNode = FALSE
	EndGlobalSection
EndGlobal
